// !$*UTF8*$!
{
	archiveVersion = 1;
	classes = {
	};
	objectVersion = 56;
	objects = {

/* Begin PBXBuildFile section */
		E85420082BFD4113005AAB78 /* CategoryCollectionViewController.swift in Sources */ = {isa = PBXBuildFile; fileRef = E85420062BFD4113005AAB78 /* CategoryCollectionViewController.swift */; };
		E85420092BFD4113005AAB78 /* CategoryCollectionViewController.xib in Resources */ = {isa = PBXBuildFile; fileRef = E85420072BFD4113005AAB78 /* CategoryCollectionViewController.xib */; };
		E85420102BFE5DB9005AAB78 /* NewCategeryCellCollectionViewCell.swift in Sources */ = {isa = PBXBuildFile; fileRef = E854200E2BFE5DB9005AAB78 /* NewCategeryCellCollectionViewCell.swift */; };
		E85420112BFE5DB9005AAB78 /* NewCategeryCellCollectionViewCell.xib in Resources */ = {isa = PBXBuildFile; fileRef = E854200F2BFE5DB9005AAB78 /* NewCategeryCellCollectionViewCell.xib */; };
		E8761DA52B068764003ED124 /* CustomTableViewCell.swift in Sources */ = {isa = PBXBuildFile; fileRef = E8761DA42B068764003ED124 /* CustomTableViewCell.swift */; };
		E8761DA92B0EB1A8003ED124 /* ArtCoverCell.swift in Sources */ = {isa = PBXBuildFile; fileRef = E8761DA82B0EB1A8003ED124 /* ArtCoverCell.swift */; };
		E89E063A2BE58C9F00197F4A /* EditVC.swift in Sources */ = {isa = PBXBuildFile; fileRef = E89E06392BE58C9F00197F4A /* EditVC.swift */; };
		E8AB0B2D2AEF0E480023D19C /* AppDelegate.swift in Sources */ = {isa = PBXBuildFile; fileRef = E8AB0B2C2AEF0E480023D19C /* AppDelegate.swift */; };
		E8AB0B2F2AEF0E480023D19C /* SceneDelegate.swift in Sources */ = {isa = PBXBuildFile; fileRef = E8AB0B2E2AEF0E480023D19C /* SceneDelegate.swift */; };
		E8AB0B312AEF0E480023D19C /* ViewController.swift in Sources */ = {isa = PBXBuildFile; fileRef = E8AB0B302AEF0E480023D19C /* ViewController.swift */; };
		E8AB0B342AEF0E480023D19C /* Main.storyboard in Resources */ = {isa = PBXBuildFile; fileRef = E8AB0B322AEF0E480023D19C /* Main.storyboard */; };
		E8AB0B372AEF0E480023D19C /* myNewApp.xcdatamodeld in Sources */ = {isa = PBXBuildFile; fileRef = E8AB0B352AEF0E480023D19C /* myNewApp.xcdatamodeld */; };
		E8AB0B392AEF0E4C0023D19C /* Assets.xcassets in Resources */ = {isa = PBXBuildFile; fileRef = E8AB0B382AEF0E4C0023D19C /* Assets.xcassets */; };
		E8AB0B3C2AEF0E4C0023D19C /* LaunchScreen.storyboard in Resources */ = {isa = PBXBuildFile; fileRef = E8AB0B3A2AEF0E4C0023D19C /* LaunchScreen.storyboard */; };
		E8BF0C922BFA750400F7BADA /* HistoryViewController.swift in Sources */ = {isa = PBXBuildFile; fileRef = E8BF0C902BFA750400F7BADA /* HistoryViewController.swift */; };
		E8BF0C932BFA750400F7BADA /* HistoryViewController.xib in Resources */ = {isa = PBXBuildFile; fileRef = E8BF0C912BFA750400F7BADA /* HistoryViewController.xib */; };
		E8BF0C962BFA78C600F7BADA /* CustomCellTableViewCell.swift in Sources */ = {isa = PBXBuildFile; fileRef = E8BF0C942BFA78C600F7BADA /* CustomCellTableViewCell.swift */; };
		E8BF0C972BFA78C600F7BADA /* CustomCellTableViewCell.xib in Resources */ = {isa = PBXBuildFile; fileRef = E8BF0C952BFA78C600F7BADA /* CustomCellTableViewCell.xib */; };
/* End PBXBuildFile section */

/* Begin PBXFileReference section */
		E85420062BFD4113005AAB78 /* CategoryCollectionViewController.swift */ = {isa = PBXFileReference; lastKnownFileType = sourcecode.swift; path = CategoryCollectionViewController.swift; sourceTree = "<group>"; };
		E85420072BFD4113005AAB78 /* CategoryCollectionViewController.xib */ = {isa = PBXFileReference; lastKnownFileType = file.xib; path = CategoryCollectionViewController.xib; sourceTree = "<group>"; };
		E854200E2BFE5DB9005AAB78 /* NewCategeryCellCollectionViewCell.swift */ = {isa = PBXFileReference; lastKnownFileType = sourcecode.swift; path = NewCategeryCellCollectionViewCell.swift; sourceTree = "<group>"; };
		E854200F2BFE5DB9005AAB78 /* NewCategeryCellCollectionViewCell.xib */ = {isa = PBXFileReference; lastKnownFileType = file.xib; path = NewCategeryCellCollectionViewCell.xib; sourceTree = "<group>"; };
		E8761DA42B068764003ED124 /* CustomTableViewCell.swift */ = {isa = PBXFileReference; lastKnownFileType = sourcecode.swift; path = CustomTableViewCell.swift; sourceTree = "<group>"; };
		E8761DA82B0EB1A8003ED124 /* ArtCoverCell.swift */ = {isa = PBXFileReference; lastKnownFileType = sourcecode.swift; path = ArtCoverCell.swift; sourceTree = "<group>"; };
		E89E06392BE58C9F00197F4A /* EditVC.swift */ = {isa = PBXFileReference; lastKnownFileType = sourcecode.swift; path = EditVC.swift; sourceTree = "<group>"; };
		E8AB0B292AEF0E480023D19C /* myNewApp.app */ = {isa = PBXFileReference; explicitFileType = wrapper.application; includeInIndex = 0; path = myNewApp.app; sourceTree = BUILT_PRODUCTS_DIR; };
		E8AB0B2C2AEF0E480023D19C /* AppDelegate.swift */ = {isa = PBXFileReference; lastKnownFileType = sourcecode.swift; path = AppDelegate.swift; sourceTree = "<group>"; };
		E8AB0B2E2AEF0E480023D19C /* SceneDelegate.swift */ = {isa = PBXFileReference; lastKnownFileType = sourcecode.swift; path = SceneDelegate.swift; sourceTree = "<group>"; };
		E8AB0B302AEF0E480023D19C /* ViewController.swift */ = {isa = PBXFileReference; lastKnownFileType = sourcecode.swift; path = ViewController.swift; sourceTree = "<group>"; };
		E8AB0B332AEF0E480023D19C /* Base */ = {isa = PBXFileReference; lastKnownFileType = file.storyboard; name = Base; path = Base.lproj/Main.storyboard; sourceTree = "<group>"; };
		E8AB0B362AEF0E480023D19C /* myNewApp.xcdatamodel */ = {isa = PBXFileReference; lastKnownFileType = wrapper.xcdatamodel; path = myNewApp.xcdatamodel; sourceTree = "<group>"; };
		E8AB0B382AEF0E4C0023D19C /* Assets.xcassets */ = {isa = PBXFileReference; lastKnownFileType = folder.assetcatalog; path = Assets.xcassets; sourceTree = "<group>"; };
		E8AB0B3B2AEF0E4C0023D19C /* Base */ = {isa = PBXFileReference; lastKnownFileType = file.storyboard; name = Base; path = Base.lproj/LaunchScreen.storyboard; sourceTree = "<group>"; };
		E8AB0B3D2AEF0E4C0023D19C /* Info.plist */ = {isa = PBXFileReference; lastKnownFileType = text.plist.xml; path = Info.plist; sourceTree = "<group>"; };
		E8BF0C902BFA750400F7BADA /* HistoryViewController.swift */ = {isa = PBXFileReference; lastKnownFileType = sourcecode.swift; path = HistoryViewController.swift; sourceTree = "<group>"; };
		E8BF0C912BFA750400F7BADA /* HistoryViewController.xib */ = {isa = PBXFileReference; lastKnownFileType = file.xib; path = HistoryViewController.xib; sourceTree = "<group>"; };
		E8BF0C942BFA78C600F7BADA /* CustomCellTableViewCell.swift */ = {isa = PBXFileReference; lastKnownFileType = sourcecode.swift; path = CustomCellTableViewCell.swift; sourceTree = "<group>"; };
		E8BF0C952BFA78C600F7BADA /* CustomCellTableViewCell.xib */ = {isa = PBXFileReference; lastKnownFileType = file.xib; path = CustomCellTableViewCell.xib; sourceTree = "<group>"; };
/* End PBXFileReference section */

/* Begin PBXFrameworksBuildPhase section */
		E8AB0B262AEF0E480023D19C /* Frameworks */ = {
			isa = PBXFrameworksBuildPhase;
			buildActionMask = 2147483647;
			files = (
			);
			runOnlyForDeploymentPostprocessing = 0;
		};
/* End PBXFrameworksBuildPhase section */

/* Begin PBXGroup section */
		E85420022BFA7EE7005AAB78 /* CellHistory */ = {
			isa = PBXGroup;
			children = (
				E8BF0C942BFA78C600F7BADA /* CustomCellTableViewCell.swift */,
				E8BF0C952BFA78C600F7BADA /* CustomCellTableViewCell.xib */,
			);
			path = CellHistory;
			sourceTree = "<group>";
		};
		E85420032BFA7F1F005AAB78 /* History */ = {
			isa = PBXGroup;
			children = (
				E8BF0C902BFA750400F7BADA /* HistoryViewController.swift */,
				E8BF0C912BFA750400F7BADA /* HistoryViewController.xib */,
			);
			path = History;
			sourceTree = "<group>";
		};
		E8AB0B202AEF0E480023D19C = {
			isa = PBXGroup;
			children = (
				E8AB0B2B2AEF0E480023D19C /* myNewApp */,
				E8AB0B2A2AEF0E480023D19C /* Products */,
			);
			sourceTree = "<group>";
		};
		E8AB0B2A2AEF0E480023D19C /* Products */ = {
			isa = PBXGroup;
			children = (
				E8AB0B292AEF0E480023D19C /* myNewApp.app */,
			);
			name = Products;
			sourceTree = "<group>";
		};
		E8AB0B2B2AEF0E480023D19C /* myNewApp */ = {
			isa = PBXGroup;
			children = (
				E8AB0B2C2AEF0E480023D19C /* AppDelegate.swift */,
				E8AB0B2E2AEF0E480023D19C /* SceneDelegate.swift */,
				E8AB0B302AEF0E480023D19C /* ViewController.swift */,
				E85420062BFD4113005AAB78 /* CategoryCollectionViewController.swift */,
				E854200E2BFE5DB9005AAB78 /* NewCategeryCellCollectionViewCell.swift */,
				E854200F2BFE5DB9005AAB78 /* NewCategeryCellCollectionViewCell.xib */,
				E85420072BFD4113005AAB78 /* CategoryCollectionViewController.xib */,
				E85420022BFA7EE7005AAB78 /* CellHistory */,
				E8AB0B322AEF0E480023D19C /* Main.storyboard */,
				E85420032BFA7F1F005AAB78 /* History */,
				E89E06392BE58C9F00197F4A /* EditVC.swift */,
				E8761DA82B0EB1A8003ED124 /* ArtCoverCell.swift */,
				E8AB0B382AEF0E4C0023D19C /* Assets.xcassets */,
				E8AB0B3A2AEF0E4C0023D19C /* LaunchScreen.storyboard */,
				E8AB0B3D2AEF0E4C0023D19C /* Info.plist */,
				E8AB0B352AEF0E480023D19C /* myNewApp.xcdatamodeld */,
				E8761DA42B068764003ED124 /* CustomTableViewCell.swift */,
			);
			path = myNewApp;
			sourceTree = "<group>";
		};
/* End PBXGroup section */

/* Begin PBXNativeTarget section */
		E8AB0B282AEF0E480023D19C /* myNewApp */ = {
			isa = PBXNativeTarget;
			buildConfigurationList = E8AB0B402AEF0E4C0023D19C /* Build configuration list for PBXNativeTarget "myNewApp" */;
			buildPhases = (
				E8AB0B252AEF0E480023D19C /* Sources */,
				E8AB0B262AEF0E480023D19C /* Frameworks */,
				E8AB0B272AEF0E480023D19C /* Resources */,
			);
			buildRules = (
			);
			dependencies = (
			);
			name = myNewApp;
			productName = myNewApp;
			productReference = E8AB0B292AEF0E480023D19C /* myNewApp.app */;
			productType = "com.apple.product-type.application";
		};
/* End PBXNativeTarget section */

/* Begin PBXProject section */
		E8AB0B212AEF0E480023D19C /* Project object */ = {
			isa = PBXProject;
			attributes = {
				BuildIndependentTargetsInParallel = 1;
				LastSwiftUpdateCheck = 1420;
				LastUpgradeCheck = 1420;
				TargetAttributes = {
					E8AB0B282AEF0E480023D19C = {
						CreatedOnToolsVersion = 14.2;
					};
				};
			};
			buildConfigurationList = E8AB0B242AEF0E480023D19C /* Build configuration list for PBXProject "myNewApp" */;
			compatibilityVersion = "Xcode 14.0";
			developmentRegion = en;
			hasScannedForEncodings = 0;
			knownRegions = (
				en,
				Base,
			);
			mainGroup = E8AB0B202AEF0E480023D19C;
			productRefGroup = E8AB0B2A2AEF0E480023D19C /* Products */;
			projectDirPath = "";
			projectRoot = "";
			targets = (
				E8AB0B282AEF0E480023D19C /* myNewApp */,
			);
		};
/* End PBXProject section */

/* Begin PBXResourcesBuildPhase section */
		E8AB0B272AEF0E480023D19C /* Resources */ = {
			isa = PBXResourcesBuildPhase;
			buildActionMask = 2147483647;
			files = (
				E8AB0B3C2AEF0E4C0023D19C /* LaunchScreen.storyboard in Resources */,
				E8AB0B392AEF0E4C0023D19C /* Assets.xcassets in Resources */,
				E85420112BFE5DB9005AAB78 /* NewCategeryCellCollectionViewCell.xib in Resources */,
				E85420092BFD4113005AAB78 /* CategoryCollectionViewController.xib in Resources */,
				E8BF0C972BFA78C600F7BADA /* CustomCellTableViewCell.xib in Resources */,
				E8AB0B342AEF0E480023D19C /* Main.storyboard in Resources */,
				E8BF0C932BFA750400F7BADA /* HistoryViewController.xib in Resources */,
			);
			runOnlyForDeploymentPostprocessing = 0;
		};
/* End PBXResourcesBuildPhase section */

/* Begin PBXSourcesBuildPhase section */
		E8AB0B252AEF0E480023D19C /* Sources */ = {
			isa = PBXSourcesBuildPhase;
			buildActionMask = 2147483647;
			files = (
				E85420082BFD4113005AAB78 /* CategoryCollectionViewController.swift in Sources */,
				E8AB0B312AEF0E480023D19C /* ViewController.swift in Sources */,
				E8761DA92B0EB1A8003ED124 /* ArtCoverCell.swift in Sources */,
				E8761DA52B068764003ED124 /* CustomTableViewCell.swift in Sources */,
				E8AB0B2D2AEF0E480023D19C /* AppDelegate.swift in Sources */,
				E8AB0B372AEF0E480023D19C /* myNewApp.xcdatamodeld in Sources */,
				E8BF0C962BFA78C600F7BADA /* CustomCellTableViewCell.swift in Sources */,
				E85420102BFE5DB9005AAB78 /* NewCategeryCellCollectionViewCell.swift in Sources */,
				E8AB0B2F2AEF0E480023D19C /* SceneDelegate.swift in Sources */,
				E89E063A2BE58C9F00197F4A /* EditVC.swift in Sources */,
				E8BF0C922BFA750400F7BADA /* HistoryViewController.swift in Sources */,
			);
			runOnlyForDeploymentPostprocessing = 0;
		};
/* End PBXSourcesBuildPhase section */

/* Begin PBXVariantGroup section */
		E8AB0B322AEF0E480023D19C /* Main.storyboard */ = {
			isa = PBXVariantGroup;
			children = (
				E8AB0B332AEF0E480023D19C /* Base */,
			);
			name = Main.storyboard;
			sourceTree = "<group>";
		};
		E8AB0B3A2AEF0E4C0023D19C /* LaunchScreen.storyboard */ = {
			isa = PBXVariantGroup;
			children = (
				E8AB0B3B2AEF0E4C0023D19C /* Base */,
			);
			name = LaunchScreen.storyboard;
			sourceTree = "<group>";
		};
/* End PBXVariantGroup section */

/* Begin XCBuildConfiguration section */
		E8AB0B3E2AEF0E4C0023D19C /* Debug */ = {
			isa = XCBuildConfiguration;
			buildSettings = {
				ALWAYS_SEARCH_USER_PATHS = NO;
				CLANG_ANALYZER_NONNULL = YES;
				CLANG_ANALYZER_NUMBER_OBJECT_CONVERSION = YES_AGGRESSIVE;
				CLANG_CXX_LANGUAGE_STANDARD = "gnu++20";
				CLANG_ENABLE_MODULES = YES;
				CLANG_ENABLE_OBJC_ARC = YES;
				CLANG_ENABLE_OBJC_WEAK = YES;
				CLANG_WARN_BLOCK_CAPTURE_AUTORELEASING = YES;
				CLANG_WARN_BOOL_CONVERSION = YES;
				CLANG_WARN_COMMA = YES;
				CLANG_WARN_CONSTANT_CONVERSION = YES;
				CLANG_WARN_DEPRECATED_OBJC_IMPLEMENTATIONS = YES;
				CLANG_WARN_DIRECT_OBJC_ISA_USAGE = YES_ERROR;
				CLANG_WARN_DOCUMENTATION_COMMENTS = YES;
				CLANG_WARN_EMPTY_BODY = YES;
				CLANG_WARN_ENUM_CONVERSION = YES;
				CLANG_WARN_INFINITE_RECURSION = YES;
				CLANG_WARN_INT_CONVERSION = YES;
				CLANG_WARN_NON_LITERAL_NULL_CONVERSION = YES;
				CLANG_WARN_OBJC_IMPLICIT_RETAIN_SELF = YES;
				CLANG_WARN_OBJC_LITERAL_CONVERSION = YES;
				CLANG_WARN_OBJC_ROOT_CLASS = YES_ERROR;
				CLANG_WARN_QUOTED_INCLUDE_IN_FRAMEWORK_HEADER = YES;
				CLANG_WARN_RANGE_LOOP_ANALYSIS = YES;
				CLANG_WARN_STRICT_PROTOTYPES = YES;
				CLANG_WARN_SUSPICIOUS_MOVE = YES;
				CLANG_WARN_UNGUARDED_AVAILABILITY = YES_AGGRESSIVE;
				CLANG_WARN_UNREACHABLE_CODE = YES;
				CLANG_WARN__DUPLICATE_METHOD_MATCH = YES;
				COPY_PHASE_STRIP = NO;
				DEBUG_INFORMATION_FORMAT = dwarf;
				ENABLE_STRICT_OBJC_MSGSEND = YES;
				ENABLE_TESTABILITY = YES;
				GCC_C_LANGUAGE_STANDARD = gnu11;
				GCC_DYNAMIC_NO_PIC = NO;
				GCC_NO_COMMON_BLOCKS = YES;
				GCC_OPTIMIZATION_LEVEL = 0;
				GCC_PREPROCESSOR_DEFINITIONS = (
					"DEBUG=1",
					"$(inherited)",
				);
				GCC_WARN_64_TO_32_BIT_CONVERSION = YES;
				GCC_WARN_ABOUT_RETURN_TYPE = YES_ERROR;
				GCC_WARN_UNDECLARED_SELECTOR = YES;
				GCC_WARN_UNINITIALIZED_AUTOS = YES_AGGRESSIVE;
				GCC_WARN_UNUSED_FUNCTION = YES;
				GCC_WARN_UNUSED_VARIABLE = YES;
				IPHONEOS_DEPLOYMENT_TARGET = 16.2;
				MTL_ENABLE_DEBUG_INFO = INCLUDE_SOURCE;
				MTL_FAST_MATH = YES;
				ONLY_ACTIVE_ARCH = YES;
				SDKROOT = iphoneos;
				SWIFT_ACTIVE_COMPILATION_CONDITIONS = DEBUG;
				SWIFT_OPTIMIZATION_LEVEL = "-Onone";
			};
			name = Debug;
		};
		E8AB0B3F2AEF0E4C0023D19C /* Release */ = {
			isa = XCBuildConfiguration;
			buildSettings = {
				ALWAYS_SEARCH_USER_PATHS = NO;
				CLANG_ANALYZER_NONNULL = YES;
				CLANG_ANALYZER_NUMBER_OBJECT_CONVERSION = YES_AGGRESSIVE;
				CLANG_CXX_LANGUAGE_STANDARD = "gnu++20";
				CLANG_ENABLE_MODULES = YES;
				CLANG_ENABLE_OBJC_ARC = YES;
				CLANG_ENABLE_OBJC_WEAK = YES;
				CLANG_WARN_BLOCK_CAPTURE_AUTORELEASING = YES;
				CLANG_WARN_BOOL_CONVERSION = YES;
				CLANG_WARN_COMMA = YES;
				CLANG_WARN_CONSTANT_CONVERSION = YES;
				CLANG_WARN_DEPRECATED_OBJC_IMPLEMENTATIONS = YES;
				CLANG_WARN_DIRECT_OBJC_ISA_USAGE = YES_ERROR;
				CLANG_WARN_DOCUMENTATION_COMMENTS = YES;
				CLANG_WARN_EMPTY_BODY = YES;
				CLANG_WARN_ENUM_CONVERSION = YES;
				CLANG_WARN_INFINITE_RECURSION = YES;
				CLANG_WARN_INT_CONVERSION = YES;
				CLANG_WARN_NON_LITERAL_NULL_CONVERSION = YES;
				CLANG_WARN_OBJC_IMPLICIT_RETAIN_SELF = YES;
				CLANG_WARN_OBJC_LITERAL_CONVERSION = YES;
				CLANG_WARN_OBJC_ROOT_CLASS = YES_ERROR;
				CLANG_WARN_QUOTED_INCLUDE_IN_FRAMEWORK_HEADER = YES;
				CLANG_WARN_RANGE_LOOP_ANALYSIS = YES;
				CLANG_WARN_STRICT_PROTOTYPES = YES;
				CLANG_WARN_SUSPICIOUS_MOVE = YES;
				CLANG_WARN_UNGUARDED_AVAILABILITY = YES_AGGRESSIVE;
				CLANG_WARN_UNREACHABLE_CODE = YES;
				CLANG_WARN__DUPLICATE_METHOD_MATCH = YES;
				COPY_PHASE_STRIP = NO;
				DEBUG_INFORMATION_FORMAT = "dwarf-with-dsym";
				ENABLE_NS_ASSERTIONS = NO;
				ENABLE_STRICT_OBJC_MSGSEND = YES;
				GCC_C_LANGUAGE_STANDARD = gnu11;
				GCC_NO_COMMON_BLOCKS = YES;
				GCC_WARN_64_TO_32_BIT_CONVERSION = YES;
				GCC_WARN_ABOUT_RETURN_TYPE = YES_ERROR;
				GCC_WARN_UNDECLARED_SELECTOR = YES;
				GCC_WARN_UNINITIALIZED_AUTOS = YES_AGGRESSIVE;
				GCC_WARN_UNUSED_FUNCTION = YES;
				GCC_WARN_UNUSED_VARIABLE = YES;
				IPHONEOS_DEPLOYMENT_TARGET = 16.2;
				MTL_ENABLE_DEBUG_INFO = NO;
				MTL_FAST_MATH = YES;
				SDKROOT = iphoneos;
				SWIFT_COMPILATION_MODE = wholemodule;
				SWIFT_OPTIMIZATION_LEVEL = "-O";
				VALIDATE_PRODUCT = YES;
			};
			name = Release;
		};
		E8AB0B412AEF0E4C0023D19C /* Debug */ = {
			isa = XCBuildConfiguration;
			buildSettings = {
				ASSETCATALOG_COMPILER_APPICON_NAME = AppIcon;
				ASSETCATALOG_COMPILER_GLOBAL_ACCENT_COLOR_NAME = AccentColor;
				CODE_SIGN_STYLE = Automatic;
				CURRENT_PROJECT_VERSION = 1;
				DEVELOPMENT_TEAM = VZT97FBBMQ;
				GENERATE_INFOPLIST_FILE = YES;
				INFOPLIST_FILE = myNewApp/Info.plist;
				INFOPLIST_KEY_UIApplicationSupportsIndirectInputEvents = YES;
				INFOPLIST_KEY_UILaunchStoryboardName = LaunchScreen;
				INFOPLIST_KEY_UIMainStoryboardFile = Main;
				INFOPLIST_KEY_UISupportedInterfaceOrientations_iPad = "UIInterfaceOrientationPortrait UIInterfaceOrientationPortraitUpsideDown UIInterfaceOrientationLandscapeLeft UIInterfaceOrientationLandscapeRight";
				INFOPLIST_KEY_UISupportedInterfaceOrientations_iPhone = "UIInterfaceOrientationPortrait UIInterfaceOrientationLandscapeLeft UIInterfaceOrientationLandscapeRight";
				LD_RUNPATH_SEARCH_PATHS = (
					"$(inherited)",
					"@executable_path/Frameworks",
				);
				MARKETING_VERSION = 1.0;
				PRODUCT_BUNDLE_IDENTIFIER = com.alexandrkovalchuk.myNewApp;
				PRODUCT_NAME = "$(TARGET_NAME)";
				SWIFT_EMIT_LOC_STRINGS = YES;
				SWIFT_VERSION = 5.0;
				TARGETED_DEVICE_FAMILY = "1,2";
			};
			name = Debug;
		};
		E8AB0B422AEF0E4C0023D19C /* Release */ = {
			isa = XCBuildConfiguration;
			buildSettings = {
				ASSETCATALOG_COMPILER_APPICON_NAME = AppIcon;
				ASSETCATALOG_COMPILER_GLOBAL_ACCENT_COLOR_NAME = AccentColor;
				CODE_SIGN_STYLE = Automatic;
				CURRENT_PROJECT_VERSION = 1;
				DEVELOPMENT_TEAM = VZT97FBBMQ;
				GENERATE_INFOPLIST_FILE = YES;
				INFOPLIST_FILE = myNewApp/Info.plist;
				INFOPLIST_KEY_UIApplicationSupportsIndirectInputEvents = YES;
				INFOPLIST_KEY_UILaunchStoryboardName = LaunchScreen;
				INFOPLIST_KEY_UIMainStoryboardFile = Main;
				INFOPLIST_KEY_UISupportedInterfaceOrientations_iPad = "UIInterfaceOrientationPortrait UIInterfaceOrientationPortraitUpsideDown UIInterfaceOrientationLandscapeLeft UIInterfaceOrientationLandscapeRight";
				INFOPLIST_KEY_UISupportedInterfaceOrientations_iPhone = "UIInterfaceOrientationPortrait UIInterfaceOrientationLandscapeLeft UIInterfaceOrientationLandscapeRight";
				LD_RUNPATH_SEARCH_PATHS = (
					"$(inherited)",
					"@executable_path/Frameworks",
				);
				MARKETING_VERSION = 1.0;
				PRODUCT_BUNDLE_IDENTIFIER = com.alexandrkovalchuk.myNewApp;
				PRODUCT_NAME = "$(TARGET_NAME)";
				SWIFT_EMIT_LOC_STRINGS = YES;
				SWIFT_VERSION = 5.0;
				TARGETED_DEVICE_FAMILY = "1,2";
			};
			name = Release;
		};
/* End XCBuildConfiguration section */

/* Begin XCConfigurationList section */
		E8AB0B242AEF0E480023D19C /* Build configuration list for PBXProject "myNewApp" */ = {
			isa = XCConfigurationList;
			buildConfigurations = (
				E8AB0B3E2AEF0E4C0023D19C /* Debug */,
				E8AB0B3F2AEF0E4C0023D19C /* Release */,
			);
			defaultConfigurationIsVisible = 0;
			defaultConfigurationName = Release;
		};
		E8AB0B402AEF0E4C0023D19C /* Build configuration list for PBXNativeTarget "myNewApp" */ = {
			isa = XCConfigurationList;
			buildConfigurations = (
				E8AB0B412AEF0E4C0023D19C /* Debug */,
				E8AB0B422AEF0E4C0023D19C /* Release */,
			);
			defaultConfigurationIsVisible = 0;
			defaultConfigurationName = Release;
		};
/* End XCConfigurationList section */

/* Begin XCVersionGroup section */
		E8AB0B352AEF0E480023D19C /* myNewApp.xcdatamodeld */ = {
			isa = XCVersionGroup;
			children = (
				E8AB0B362AEF0E480023D19C /* myNewApp.xcdatamodel */,
			);
			currentVersion = E8AB0B362AEF0E480023D19C /* myNewApp.xcdatamodel */;
			path = myNewApp.xcdatamodeld;
			sourceTree = "<group>";
			versionGroupType = wrapper.xcdatamodel;
		};
/* End XCVersionGroup section */
	};
	rootObject = E8AB0B212AEF0E480023D19C /* Project object */;
}
